<Solution>
  <Folder Name="/BaseErp.Modules/" />
  <Folder Name="/BaseErp.Modules/Accounting/" />
  <Folder Name="/BaseErp.Modules/CRM/" />
  <Folder Name="/BaseErp.Modules/HRM/">
    <Project Path="HRM.Domain/HRM.Domain.csproj" />
    <Project Path="HRM.Infrastructure/HRM.Infrastructure.csproj" />
    <Project Path="HRM.Presentation/HRM.Presentation.csproj" />
    <Project Path="HRML.Application/HRML.Application.csproj" />
  </Folder>
  <Folder Name="/BaseErp.Modules/Inventory/" />
  <Folder Name="/BaseErp.Modules/Payroll/" />
  <Folder Name="/BaseErp.Modules/Production/" />
  <Folder Name="/BaseErp.Modules/Purchase/" />
  <Folder Name="/BaseErp.Modules/Sales/" />
  <Folder Name="/BaseErp.Tests/" />
  <Project Path="BaseErp.Database/BaseErp.Database.csproj" Id="843ea082-a28a-47dc-96f3-2fcec41882a7" />
  <Project Path="BaseErp.Identity/BaseErp.Identity.csproj" Id="3d2941ca-3c39-40c6-a146-3335e7002e74" />
  <Project Path="BaseErp.Shared/BaseErp.Shared.csproj" Id="b136f470-fb49-420f-a9bf-f2430f92f915" />
  <Project Path="BaseErp.Web/BaseErp.Web.csproj" />
</Solution>
